
Microsoft Visual Studio Solution File, Format Version 9.00
# Visual Studio 2005
Project("{FAE04EC0-301F-11D3-BF4B-00C04F79EFBC}") = "LL1AnalyzerTool", "LL1characteristicAnalyzer\LL1AnalyzerTool.csproj", "{D9B0AC6A-05F7-4BCA-BB29-264FB4E7D95C}"
EndProject
Project("{FAE04EC0-301F-11D3-BF4B-00C04F79EFBC}") = "LL1Parser", "lab\LL1Parser.csproj", "{8ABC320C-F486-4665-9C06-5B465F268DAB}"
EndProject
Global
	GlobalSection(SubversionScc) = preSolution
		Svn-Managed = True
		Manager = AnkhSVN - Subversion Support for Visual Studio
	EndGlobalSection
	GlobalSection(SolutionConfigurationPlatforms) = preSolution
		Debug|Any CPU = Debug|Any CPU
		Release|Any CPU = Release|Any CPU
	EndGlobalSection
	GlobalSection(ProjectConfigurationPlatforms) = postSolution
		{D9B0AC6A-05F7-4BCA-BB29-264FB4E7D95C}.Debug|Any CPU.ActiveCfg = Debug|Any CPU
		{D9B0AC6A-05F7-4BCA-BB29-264FB4E7D95C}.Debug|Any CPU.Build.0 = Debug|Any CPU
		{D9B0AC6A-05F7-4BCA-BB29-264FB4E7D95C}.Release|Any CPU.ActiveCfg = Release|Any CPU
		{D9B0AC6A-05F7-4BCA-BB29-264FB4E7D95C}.Release|Any CPU.Build.0 = Release|Any CPU
		{8ABC320C-F486-4665-9C06-5B465F268DAB}.Debug|Any CPU.ActiveCfg = Debug|Any CPU
		{8ABC320C-F486-4665-9C06-5B465F268DAB}.Debug|Any CPU.Build.0 = Debug|Any CPU
		{8ABC320C-F486-4665-9C06-5B465F268DAB}.Release|Any CPU.ActiveCfg = Release|Any CPU
		{8ABC320C-F486-4665-9C06-5B465F268DAB}.Release|Any CPU.Build.0 = Release|Any CPU
	EndGlobalSection
	GlobalSection(SolutionProperties) = preSolution
		HideSolutionNode = FALSE
	EndGlobalSection
EndGlobal
